
Microsoft Visual Studio Solution File, Format Version 12.00
# Visual Studio 15
VisualStudioVersion = 15.0.28010.2026
MinimumVisualStudioVersion = 10.0.40219.1
Project("{8BC9CEB8-8B4A-11D0-8D11-00A0C91BC942}") = "Vid2Mc", "Vid2Mc\Vid2Mc.vcxproj", "{542E298E-A0FB-4102-A842-B6C0B8577B4F}"
EndProject
Global
	GlobalSection(SolutionConfigurationPlatforms) = preSolution
		Debug|x64 = Debug|x64
		Debug|x86 = Debug|x86
		Release|x64 = Release|x64
		Release|x86 = Release|x86
	EndGlobalSection
	GlobalSection(ProjectConfigurationPlatforms) = postSolution
		{542E298E-A0FB-4102-A842-B6C0B8577B4F}.Debug|x64.ActiveCfg = Debug|x64
		{542E298E-A0FB-4102-A842-B6C0B8577B4F}.Debug|x64.Build.0 = Debug|x64
		{542E298E-A0FB-4102-A842-B6C0B8577B4F}.Debug|x86.ActiveCfg = Debug|Win32
		{542E298E-A0FB-4102-A842-B6C0B8577B4F}.Debug|x86.Build.0 = Debug|Win32
		{542E298E-A0FB-4102-A842-B6C0B8577B4F}.Release|x64.ActiveCfg = Release|x64
		{542E298E-A0FB-4102-A842-B6C0B8577B4F}.Release|x64.Build.0 = Release|x64
		{542E298E-A0FB-4102-A842-B6C0B8577B4F}.Release|x86.ActiveCfg = Release|Win32
		{542E298E-A0FB-4102-A842-B6C0B8577B4F}.Release|x86.Build.0 = Release|Win32
	EndGlobalSection
	GlobalSection(SolutionProperties) = preSolution
		HideSolutionNode = FALSE
	EndGlobalSection
	GlobalSection(ExtensibilityGlobals) = postSolution
		SolutionGuid = {95C85C1A-3E8F-463E-A24D-56A02FF77FAE}
	EndGlobalSection
EndGlobal
